// !$*UTF8*$!
{
	archiveVersion = 1;
	classes = {
	};
	objectVersion = 50;
	objects = {

/* Begin PBXBuildFile section */
		0F9D43E520B3C83E0006A339 /* AppDelegate.swift in Sources */ = {isa = PBXBuildFile; fileRef = 0F9D43E420B3C83E0006A339 /* AppDelegate.swift */; };
		0F9D43EF20B3C83E0006A339 /* Main.storyboard in Resources */ = {isa = PBXBuildFile; fileRef = 0F9D43ED20B3C83E0006A339 /* Main.storyboard */; };
		0F9D43F120B3C83F0006A339 /* Assets.xcassets in Resources */ = {isa = PBXBuildFile; fileRef = 0F9D43F020B3C83F0006A339 /* Assets.xcassets */; };
		0F9D43F420B3C83F0006A339 /* LaunchScreen.storyboard in Resources */ = {isa = PBXBuildFile; fileRef = 0F9D43F220B3C83F0006A339 /* LaunchScreen.storyboard */; };
		0F9D440320B3C8AA0006A339 /* ContactListPresenter.swift in Sources */ = {isa = PBXBuildFile; fileRef = 0F9D43FD20B3C8AA0006A339 /* ContactListPresenter.swift */; };
		0F9D440520B3C8AA0006A339 /* ContactListRouter.swift in Sources */ = {isa = PBXBuildFile; fileRef = 0F9D43FF20B3C8AA0006A339 /* ContactListRouter.swift */; };
		0F9D440620B3C8AA0006A339 /* ContactListModels.swift in Sources */ = {isa = PBXBuildFile; fileRef = 0F9D440020B3C8AA0006A339 /* ContactListModels.swift */; };
		0F9D440720B3C8AA0006A339 /* ContactListViewController.swift in Sources */ = {isa = PBXBuildFile; fileRef = 0F9D440120B3C8AA0006A339 /* ContactListViewController.swift */; };
		0F9D440820B3C8AA0006A339 /* ContactListInteractor.swift in Sources */ = {isa = PBXBuildFile; fileRef = 0F9D440220B3C8AA0006A339 /* ContactListInteractor.swift */; };
		0F9D440B20B3CA1E0006A339 /* PrimerData.json in Resources */ = {isa = PBXBuildFile; fileRef = 0F9D440A20B3CA1E0006A339 /* PrimerData.json */; };
		0F9D440D20B3CDBE0006A339 /* Contact.swift in Sources */ = {isa = PBXBuildFile; fileRef = 0F9D440C20B3CDBE0006A339 /* Contact.swift */; };
		0F9D441120B3CF5D0006A339 /* ContactsDataRepo.swift in Sources */ = {isa = PBXBuildFile; fileRef = 0F9D441020B3CF5D0006A339 /* ContactsDataRepo.swift */; };
		0F9D441320B3D3FC0006A339 /* ContactsFileDataRepo.swift in Sources */ = {isa = PBXBuildFile; fileRef = 0F9D441220B3D3FC0006A339 /* ContactsFileDataRepo.swift */; };
		0F9D441B20B3FEAB0006A339 /* ContactDetailsPresenter.swift in Sources */ = {isa = PBXBuildFile; fileRef = 0F9D441520B3FEAB0006A339 /* ContactDetailsPresenter.swift */; };
		0F9D441D20B3FEAB0006A339 /* ContactDetailsRouter.swift in Sources */ = {isa = PBXBuildFile; fileRef = 0F9D441720B3FEAB0006A339 /* ContactDetailsRouter.swift */; };
		0F9D441E20B3FEAB0006A339 /* ContactDetailsModels.swift in Sources */ = {isa = PBXBuildFile; fileRef = 0F9D441820B3FEAB0006A339 /* ContactDetailsModels.swift */; };
		0F9D441F20B3FEAB0006A339 /* ContactDetailsViewController.swift in Sources */ = {isa = PBXBuildFile; fileRef = 0F9D441920B3FEAB0006A339 /* ContactDetailsViewController.swift */; };
		0F9D442020B3FEAB0006A339 /* ContactDetailsInteractor.swift in Sources */ = {isa = PBXBuildFile; fileRef = 0F9D441A20B3FEAB0006A339 /* ContactDetailsInteractor.swift */; };
		0F9D442820B41B730006A339 /* AddContactPresenter.swift in Sources */ = {isa = PBXBuildFile; fileRef = 0F9D442220B41B730006A339 /* AddContactPresenter.swift */; };
		0F9D442A20B41B730006A339 /* AddContactRouter.swift in Sources */ = {isa = PBXBuildFile; fileRef = 0F9D442420B41B730006A339 /* AddContactRouter.swift */; };
		0F9D442B20B41B730006A339 /* AddContactModels.swift in Sources */ = {isa = PBXBuildFile; fileRef = 0F9D442520B41B730006A339 /* AddContactModels.swift */; };
		0F9D442C20B41B730006A339 /* AddContactViewController.swift in Sources */ = {isa = PBXBuildFile; fileRef = 0F9D442620B41B730006A339 /* AddContactViewController.swift */; };
		0F9D442D20B41B730006A339 /* AddContactInteractor.swift in Sources */ = {isa = PBXBuildFile; fileRef = 0F9D442720B41B730006A339 /* AddContactInteractor.swift */; };
		0F9D442F20B42CE10006A339 /* Constants.swift in Sources */ = {isa = PBXBuildFile; fileRef = 0F9D442E20B42CE10006A339 /* Constants.swift */; };
		0F9D443120B44A580006A339 /* ContactsData.swift in Sources */ = {isa = PBXBuildFile; fileRef = 0F9D443020B44A570006A339 /* ContactsData.swift */; };
/* End PBXBuildFile section */

/* Begin PBXFileReference section */
		0F9D43E120B3C83E0006A339 /* contacts.app */ = {isa = PBXFileReference; explicitFileType = wrapper.application; includeInIndex = 0; path = contacts.app; sourceTree = BUILT_PRODUCTS_DIR; };
		0F9D43E420B3C83E0006A339 /* AppDelegate.swift */ = {isa = PBXFileReference; lastKnownFileType = sourcecode.swift; path = AppDelegate.swift; sourceTree = "<group>"; };
		0F9D43EE20B3C83E0006A339 /* Base */ = {isa = PBXFileReference; lastKnownFileType = file.storyboard; name = Base; path = Base.lproj/Main.storyboard; sourceTree = "<group>"; };
		0F9D43F020B3C83F0006A339 /* Assets.xcassets */ = {isa = PBXFileReference; lastKnownFileType = folder.assetcatalog; path = Assets.xcassets; sourceTree = "<group>"; };
		0F9D43F320B3C83F0006A339 /* Base */ = {isa = PBXFileReference; lastKnownFileType = file.storyboard; name = Base; path = Base.lproj/LaunchScreen.storyboard; sourceTree = "<group>"; };
		0F9D43F520B3C83F0006A339 /* Info.plist */ = {isa = PBXFileReference; lastKnownFileType = text.plist.xml; path = Info.plist; sourceTree = "<group>"; };
		0F9D43FD20B3C8AA0006A339 /* ContactListPresenter.swift */ = {isa = PBXFileReference; lastKnownFileType = sourcecode.swift; path = ContactListPresenter.swift; sourceTree = "<group>"; };
		0F9D43FF20B3C8AA0006A339 /* ContactListRouter.swift */ = {isa = PBXFileReference; lastKnownFileType = sourcecode.swift; path = ContactListRouter.swift; sourceTree = "<group>"; };
		0F9D440020B3C8AA0006A339 /* ContactListModels.swift */ = {isa = PBXFileReference; lastKnownFileType = sourcecode.swift; path = ContactListModels.swift; sourceTree = "<group>"; };
		0F9D440120B3C8AA0006A339 /* ContactListViewController.swift */ = {isa = PBXFileReference; lastKnownFileType = sourcecode.swift; path = ContactListViewController.swift; sourceTree = "<group>"; };
		0F9D440220B3C8AA0006A339 /* ContactListInteractor.swift */ = {isa = PBXFileReference; lastKnownFileType = sourcecode.swift; path = ContactListInteractor.swift; sourceTree = "<group>"; };
		0F9D440A20B3CA1E0006A339 /* PrimerData.json */ = {isa = PBXFileReference; lastKnownFileType = text.json; path = PrimerData.json; sourceTree = "<group>"; };
		0F9D440C20B3CDBE0006A339 /* Contact.swift */ = {isa = PBXFileReference; lastKnownFileType = sourcecode.swift; path = Contact.swift; sourceTree = "<group>"; };
		0F9D441020B3CF5D0006A339 /* ContactsDataRepo.swift */ = {isa = PBXFileReference; lastKnownFileType = sourcecode.swift; path = ContactsDataRepo.swift; sourceTree = "<group>"; };
		0F9D441220B3D3FC0006A339 /* ContactsFileDataRepo.swift */ = {isa = PBXFileReference; lastKnownFileType = sourcecode.swift; path = ContactsFileDataRepo.swift; sourceTree = "<group>"; };
		0F9D441520B3FEAB0006A339 /* ContactDetailsPresenter.swift */ = {isa = PBXFileReference; lastKnownFileType = sourcecode.swift; path = ContactDetailsPresenter.swift; sourceTree = "<group>"; };
		0F9D441720B3FEAB0006A339 /* ContactDetailsRouter.swift */ = {isa = PBXFileReference; lastKnownFileType = sourcecode.swift; path = ContactDetailsRouter.swift; sourceTree = "<group>"; };
		0F9D441820B3FEAB0006A339 /* ContactDetailsModels.swift */ = {isa = PBXFileReference; lastKnownFileType = sourcecode.swift; path = ContactDetailsModels.swift; sourceTree = "<group>"; };
		0F9D441920B3FEAB0006A339 /* ContactDetailsViewController.swift */ = {isa = PBXFileReference; lastKnownFileType = sourcecode.swift; path = ContactDetailsViewController.swift; sourceTree = "<group>"; };
		0F9D441A20B3FEAB0006A339 /* ContactDetailsInteractor.swift */ = {isa = PBXFileReference; lastKnownFileType = sourcecode.swift; path = ContactDetailsInteractor.swift; sourceTree = "<group>"; };
		0F9D442220B41B730006A339 /* AddContactPresenter.swift */ = {isa = PBXFileReference; lastKnownFileType = sourcecode.swift; path = AddContactPresenter.swift; sourceTree = "<group>"; };
		0F9D442420B41B730006A339 /* AddContactRouter.swift */ = {isa = PBXFileReference; lastKnownFileType = sourcecode.swift; path = AddContactRouter.swift; sourceTree = "<group>"; };
		0F9D442520B41B730006A339 /* AddContactModels.swift */ = {isa = PBXFileReference; lastKnownFileType = sourcecode.swift; path = AddContactModels.swift; sourceTree = "<group>"; };
		0F9D442620B41B730006A339 /* AddContactViewController.swift */ = {isa = PBXFileReference; lastKnownFileType = sourcecode.swift; path = AddContactViewController.swift; sourceTree = "<group>"; };
		0F9D442720B41B730006A339 /* AddContactInteractor.swift */ = {isa = PBXFileReference; lastKnownFileType = sourcecode.swift; path = AddContactInteractor.swift; sourceTree = "<group>"; };
		0F9D442E20B42CE10006A339 /* Constants.swift */ = {isa = PBXFileReference; lastKnownFileType = sourcecode.swift; path = Constants.swift; sourceTree = "<group>"; };
		0F9D443020B44A570006A339 /* ContactsData.swift */ = {isa = PBXFileReference; lastKnownFileType = sourcecode.swift; path = ContactsData.swift; sourceTree = "<group>"; };
/* End PBXFileReference section */

/* Begin PBXFrameworksBuildPhase section */
		0F9D43DE20B3C83E0006A339 /* Frameworks */ = {
			isa = PBXFrameworksBuildPhase;
			buildActionMask = 2147483647;
			files = (
			);
			runOnlyForDeploymentPostprocessing = 0;
		};
/* End PBXFrameworksBuildPhase section */

/* Begin PBXGroup section */
		0F9D43D820B3C83E0006A339 = {
			isa = PBXGroup;
			children = (
				0F9D43E320B3C83E0006A339 /* contacts */,
				0F9D43E220B3C83E0006A339 /* Products */,
			);
			sourceTree = "<group>";
		};
		0F9D43E220B3C83E0006A339 /* Products */ = {
			isa = PBXGroup;
			children = (
				0F9D43E120B3C83E0006A339 /* contacts.app */,
			);
			name = Products;
			sourceTree = "<group>";
		};
		0F9D43E320B3C83E0006A339 /* contacts */ = {
			isa = PBXGroup;
			children = (
				0F9D440920B3C9EA0006A339 /* Data */,
				0F9D43FB20B3C8560006A339 /* Scenes */,
				0F9D43E420B3C83E0006A339 /* AppDelegate.swift */,
				0F9D43ED20B3C83E0006A339 /* Main.storyboard */,
				0F9D43F020B3C83F0006A339 /* Assets.xcassets */,
				0F9D43F220B3C83F0006A339 /* LaunchScreen.storyboard */,
				0F9D43F520B3C83F0006A339 /* Info.plist */,
				0F9D442E20B42CE10006A339 /* Constants.swift */,
			);
			path = contacts;
			sourceTree = "<group>";
		};
		0F9D43FB20B3C8560006A339 /* Scenes */ = {
			isa = PBXGroup;
			children = (
				0F9D442120B41B510006A339 /* AddContact */,
				0F9D441420B3FE370006A339 /* ContactDetails */,
				0F9D43FC20B3C8680006A339 /* ContactList */,
			);
			path = Scenes;
			sourceTree = "<group>";
		};
		0F9D43FC20B3C8680006A339 /* ContactList */ = {
			isa = PBXGroup;
			children = (
				0F9D43FD20B3C8AA0006A339 /* ContactListPresenter.swift */,
				0F9D43FF20B3C8AA0006A339 /* ContactListRouter.swift */,
				0F9D440020B3C8AA0006A339 /* ContactListModels.swift */,
				0F9D440120B3C8AA0006A339 /* ContactListViewController.swift */,
				0F9D440220B3C8AA0006A339 /* ContactListInteractor.swift */,
			);
			path = ContactList;
			sourceTree = "<group>";
		};
		0F9D440920B3C9EA0006A339 /* Data */ = {
			isa = PBXGroup;
			children = (
				0F9D440A20B3CA1E0006A339 /* PrimerData.json */,
				0F9D440C20B3CDBE0006A339 /* Contact.swift */,
				0F9D441020B3CF5D0006A339 /* ContactsDataRepo.swift */,
				0F9D441220B3D3FC0006A339 /* ContactsFileDataRepo.swift */,
				0F9D443020B44A570006A339 /* ContactsData.swift */,
			);
			path = Data;
			sourceTree = "<group>";
		};
		0F9D441420B3FE370006A339 /* ContactDetails */ = {
			isa = PBXGroup;
			children = (
				0F9D441520B3FEAB0006A339 /* ContactDetailsPresenter.swift */,
				0F9D441720B3FEAB0006A339 /* ContactDetailsRouter.swift */,
				0F9D441820B3FEAB0006A339 /* ContactDetailsModels.swift */,
				0F9D441920B3FEAB0006A339 /* ContactDetailsViewController.swift */,
				0F9D441A20B3FEAB0006A339 /* ContactDetailsInteractor.swift */,
			);
			path = ContactDetails;
			sourceTree = "<group>";
		};
		0F9D442120B41B510006A339 /* AddContact */ = {
			isa = PBXGroup;
			children = (
				0F9D442220B41B730006A339 /* AddContactPresenter.swift */,
				0F9D442420B41B730006A339 /* AddContactRouter.swift */,
				0F9D442520B41B730006A339 /* AddContactModels.swift */,
				0F9D442620B41B730006A339 /* AddContactViewController.swift */,
				0F9D442720B41B730006A339 /* AddContactInteractor.swift */,
			);
			path = AddContact;
			sourceTree = "<group>";
		};
/* End PBXGroup section */

/* Begin PBXNativeTarget section */
		0F9D43E020B3C83E0006A339 /* contacts */ = {
			isa = PBXNativeTarget;
			buildConfigurationList = 0F9D43F820B3C83F0006A339 /* Build configuration list for PBXNativeTarget "contacts" */;
			buildPhases = (
				0F9D43DD20B3C83E0006A339 /* Sources */,
				0F9D43DE20B3C83E0006A339 /* Frameworks */,
				0F9D43DF20B3C83E0006A339 /* Resources */,
			);
			buildRules = (
			);
			dependencies = (
			);
			name = contacts;
			productName = contacts;
			productReference = 0F9D43E120B3C83E0006A339 /* contacts.app */;
			productType = "com.apple.product-type.application";
		};
/* End PBXNativeTarget section */

/* Begin PBXProject section */
		0F9D43D920B3C83E0006A339 /* Project object */ = {
			isa = PBXProject;
			attributes = {
				LastSwiftUpdateCheck = 0930;
				LastUpgradeCheck = 0930;
				ORGANIZATIONNAME = "Milo Croton";
				TargetAttributes = {
					0F9D43E020B3C83E0006A339 = {
						CreatedOnToolsVersion = 9.3.1;
					};
				};
			};
			buildConfigurationList = 0F9D43DC20B3C83E0006A339 /* Build configuration list for PBXProject "contacts" */;
			compatibilityVersion = "Xcode 9.3";
			developmentRegion = en;
			hasScannedForEncodings = 0;
			knownRegions = (
				en,
				Base,
			);
			mainGroup = 0F9D43D820B3C83E0006A339;
			productRefGroup = 0F9D43E220B3C83E0006A339 /* Products */;
			projectDirPath = "";
			projectRoot = "";
			targets = (
				0F9D43E020B3C83E0006A339 /* contacts */,
			);
		};
/* End PBXProject section */

/* Begin PBXResourcesBuildPhase section */
		0F9D43DF20B3C83E0006A339 /* Resources */ = {
			isa = PBXResourcesBuildPhase;
			buildActionMask = 2147483647;
			files = (
				0F9D440B20B3CA1E0006A339 /* PrimerData.json in Resources */,
				0F9D43F420B3C83F0006A339 /* LaunchScreen.storyboard in Resources */,
				0F9D43F120B3C83F0006A339 /* Assets.xcassets in Resources */,
				0F9D43EF20B3C83E0006A339 /* Main.storyboard in Resources */,
			);
			runOnlyForDeploymentPostprocessing = 0;
		};
/* End PBXResourcesBuildPhase section */

/* Begin PBXSourcesBuildPhase section */
		0F9D43DD20B3C83E0006A339 /* Sources */ = {
			isa = PBXSourcesBuildPhase;
			buildActionMask = 2147483647;
			files = (
				0F9D442020B3FEAB0006A339 /* ContactDetailsInteractor.swift in Sources */,
				0F9D442A20B41B730006A339 /* AddContactRouter.swift in Sources */,
				0F9D442B20B41B730006A339 /* AddContactModels.swift in Sources */,
				0F9D441E20B3FEAB0006A339 /* ContactDetailsModels.swift in Sources */,
				0F9D441F20B3FEAB0006A339 /* ContactDetailsViewController.swift in Sources */,
				0F9D43E520B3C83E0006A339 /* AppDelegate.swift in Sources */,
				0F9D442F20B42CE10006A339 /* Constants.swift in Sources */,
				0F9D440720B3C8AA0006A339 /* ContactListViewController.swift in Sources */,
				0F9D440820B3C8AA0006A339 /* ContactListInteractor.swift in Sources */,
				0F9D443120B44A580006A339 /* ContactsData.swift in Sources */,
				0F9D441120B3CF5D0006A339 /* ContactsDataRepo.swift in Sources */,
				0F9D440520B3C8AA0006A339 /* ContactListRouter.swift in Sources */,
				0F9D440D20B3CDBE0006A339 /* Contact.swift in Sources */,
				0F9D441D20B3FEAB0006A339 /* ContactDetailsRouter.swift in Sources */,
				0F9D441B20B3FEAB0006A339 /* ContactDetailsPresenter.swift in Sources */,
				0F9D442820B41B730006A339 /* AddContactPresenter.swift in Sources */,
				0F9D442D20B41B730006A339 /* AddContactInteractor.swift in Sources */,
				0F9D441320B3D3FC0006A339 /* ContactsFileDataRepo.swift in Sources */,
				0F9D442C20B41B730006A339 /* AddContactViewController.swift in Sources */,
				0F9D440620B3C8AA0006A339 /* ContactListModels.swift in Sources */,
				0F9D440320B3C8AA0006A339 /* ContactListPresenter.swift in Sources */,
			);
			runOnlyForDeploymentPostprocessing = 0;
		};
/* End PBXSourcesBuildPhase section */

/* Begin PBXVariantGroup section */
		0F9D43ED20B3C83E0006A339 /* Main.storyboard */ = {
			isa = PBXVariantGroup;
			children = (
				0F9D43EE20B3C83E0006A339 /* Base */,
			);
			name = Main.storyboard;
			sourceTree = "<group>";
		};
		0F9D43F220B3C83F0006A339 /* LaunchScreen.storyboard */ = {
			isa = PBXVariantGroup;
			children = (
				0F9D43F320B3C83F0006A339 /* Base */,
			);
			name = LaunchScreen.storyboard;
			sourceTree = "<group>";
		};
/* End PBXVariantGroup section */

/* Begin XCBuildConfiguration section */
		0F9D43F620B3C83F0006A339 /* Debug */ = {
			isa = XCBuildConfiguration;
			buildSettings = {
				ALWAYS_SEARCH_USER_PATHS = NO;
				CLANG_ANALYZER_NONNULL = YES;
				CLANG_ANALYZER_NUMBER_OBJECT_CONVERSION = YES_AGGRESSIVE;
				CLANG_CXX_LANGUAGE_STANDARD = "gnu++14";
				CLANG_CXX_LIBRARY = "libc++";
				CLANG_ENABLE_MODULES = YES;
				CLANG_ENABLE_OBJC_ARC = YES;
				CLANG_ENABLE_OBJC_WEAK = YES;
				CLANG_WARN_BLOCK_CAPTURE_AUTORELEASING = YES;
				CLANG_WARN_BOOL_CONVERSION = YES;
				CLANG_WARN_COMMA = YES;
				CLANG_WARN_CONSTANT_CONVERSION = YES;
				CLANG_WARN_DEPRECATED_OBJC_IMPLEMENTATIONS = YES;
				CLANG_WARN_DIRECT_OBJC_ISA_USAGE = YES_ERROR;
				CLANG_WARN_DOCUMENTATION_COMMENTS = YES;
				CLANG_WARN_EMPTY_BODY = YES;
				CLANG_WARN_ENUM_CONVERSION = YES;
				CLANG_WARN_INFINITE_RECURSION = YES;
				CLANG_WARN_INT_CONVERSION = YES;
				CLANG_WARN_NON_LITERAL_NULL_CONVERSION = YES;
				CLANG_WARN_OBJC_IMPLICIT_RETAIN_SELF = YES;
				CLANG_WARN_OBJC_LITERAL_CONVERSION = YES;
				CLANG_WARN_OBJC_ROOT_CLASS = YES_ERROR;
				CLANG_WARN_RANGE_LOOP_ANALYSIS = YES;
				CLANG_WARN_STRICT_PROTOTYPES = YES;
				CLANG_WARN_SUSPICIOUS_MOVE = YES;
				CLANG_WARN_UNGUARDED_AVAILABILITY = YES_AGGRESSIVE;
				CLANG_WARN_UNREACHABLE_CODE = YES;
				CLANG_WARN__DUPLICATE_METHOD_MATCH = YES;
				CODE_SIGN_IDENTITY = "iPhone Developer";
				COPY_PHASE_STRIP = NO;
				DEBUG_INFORMATION_FORMAT = dwarf;
				ENABLE_STRICT_OBJC_MSGSEND = YES;
				ENABLE_TESTABILITY = YES;
				GCC_C_LANGUAGE_STANDARD = gnu11;
				GCC_DYNAMIC_NO_PIC = NO;
				GCC_NO_COMMON_BLOCKS = YES;
				GCC_OPTIMIZATION_LEVEL = 0;
				GCC_PREPROCESSOR_DEFINITIONS = (
					"DEBUG=1",
					"$(inherited)",
				);
				GCC_WARN_64_TO_32_BIT_CONVERSION = YES;
				GCC_WARN_ABOUT_RETURN_TYPE = YES_ERROR;
				GCC_WARN_UNDECLARED_SELECTOR = YES;
				GCC_WARN_UNINITIALIZED_AUTOS = YES_AGGRESSIVE;
				GCC_WARN_UNUSED_FUNCTION = YES;
				GCC_WARN_UNUSED_VARIABLE = YES;
				IPHONEOS_DEPLOYMENT_TARGET = 11.3;
				MTL_ENABLE_DEBUG_INFO = YES;
				ONLY_ACTIVE_ARCH = YES;
				SDKROOT = iphoneos;
				SWIFT_ACTIVE_COMPILATION_CONDITIONS = DEBUG;
				SWIFT_OPTIMIZATION_LEVEL = "-Onone";
			};
			name = Debug;
		};
		0F9D43F720B3C83F0006A339 /* Release */ = {
			isa = XCBuildConfiguration;
			buildSettings = {
				ALWAYS_SEARCH_USER_PATHS = NO;
				CLANG_ANALYZER_NONNULL = YES;
				CLANG_ANALYZER_NUMBER_OBJECT_CONVERSION = YES_AGGRESSIVE;
				CLANG_CXX_LANGUAGE_STANDARD = "gnu++14";
				CLANG_CXX_LIBRARY = "libc++";
				CLANG_ENABLE_MODULES = YES;
				CLANG_ENABLE_OBJC_ARC = YES;
				CLANG_ENABLE_OBJC_WEAK = YES;
				CLANG_WARN_BLOCK_CAPTURE_AUTORELEASING = YES;
				CLANG_WARN_BOOL_CONVERSION = YES;
				CLANG_WARN_COMMA = YES;
				CLANG_WARN_CONSTANT_CONVERSION = YES;
				CLANG_WARN_DEPRECATED_OBJC_IMPLEMENTATIONS = YES;
				CLANG_WARN_DIRECT_OBJC_ISA_USAGE = YES_ERROR;
				CLANG_WARN_DOCUMENTATION_COMMENTS = YES;
				CLANG_WARN_EMPTY_BODY = YES;
				CLANG_WARN_ENUM_CONVERSION = YES;
				CLANG_WARN_INFINITE_RECURSION = YES;
				CLANG_WARN_INT_CONVERSION = YES;
				CLANG_WARN_NON_LITERAL_NULL_CONVERSION = YES;
				CLANG_WARN_OBJC_IMPLICIT_RETAIN_SELF = YES;
				CLANG_WARN_OBJC_LITERAL_CONVERSION = YES;
				CLANG_WARN_OBJC_ROOT_CLASS = YES_ERROR;
				CLANG_WARN_RANGE_LOOP_ANALYSIS = YES;
				CLANG_WARN_STRICT_PROTOTYPES = YES;
				CLANG_WARN_SUSPICIOUS_MOVE = YES;
				CLANG_WARN_UNGUARDED_AVAILABILITY = YES_AGGRESSIVE;
				CLANG_WARN_UNREACHABLE_CODE = YES;
				CLANG_WARN__DUPLICATE_METHOD_MATCH = YES;
				CODE_SIGN_IDENTITY = "iPhone Developer";
				COPY_PHASE_STRIP = NO;
				DEBUG_INFORMATION_FORMAT = "dwarf-with-dsym";
				ENABLE_NS_ASSERTIONS = NO;
				ENABLE_STRICT_OBJC_MSGSEND = YES;
				GCC_C_LANGUAGE_STANDARD = gnu11;
				GCC_NO_COMMON_BLOCKS = YES;
				GCC_WARN_64_TO_32_BIT_CONVERSION = YES;
				GCC_WARN_ABOUT_RETURN_TYPE = YES_ERROR;
				GCC_WARN_UNDECLARED_SELECTOR = YES;
				GCC_WARN_UNINITIALIZED_AUTOS = YES_AGGRESSIVE;
				GCC_WARN_UNUSED_FUNCTION = YES;
				GCC_WARN_UNUSED_VARIABLE = YES;
				IPHONEOS_DEPLOYMENT_TARGET = 11.3;
				MTL_ENABLE_DEBUG_INFO = NO;
				SDKROOT = iphoneos;
				SWIFT_COMPILATION_MODE = wholemodule;
				SWIFT_OPTIMIZATION_LEVEL = "-O";
				VALIDATE_PRODUCT = YES;
			};
			name = Release;
		};
		0F9D43F920B3C83F0006A339 /* Debug */ = {
			isa = XCBuildConfiguration;
			buildSettings = {
				ASSETCATALOG_COMPILER_APPICON_NAME = AppIcon;
				CODE_SIGN_STYLE = Automatic;
				DEVELOPMENT_TEAM = SFNK44557C;
				INFOPLIST_FILE = contacts/Info.plist;
				LD_RUNPATH_SEARCH_PATHS = (
					"$(inherited)",
					"@executable_path/Frameworks",
				);
				PRODUCT_BUNDLE_IDENTIFIER = com.milocroton.contacts;
				PRODUCT_NAME = "$(TARGET_NAME)";
				SWIFT_VERSION = 4.0;
				TARGETED_DEVICE_FAMILY = "1,2";
			};
			name = Debug;
		};
		0F9D43FA20B3C83F0006A339 /* Release */ = {
			isa = XCBuildConfiguration;
			buildSettings = {
				ASSETCATALOG_COMPILER_APPICON_NAME = AppIcon;
				CODE_SIGN_STYLE = Automatic;
				DEVELOPMENT_TEAM = SFNK44557C;
				INFOPLIST_FILE = contacts/Info.plist;
				LD_RUNPATH_SEARCH_PATHS = (
					"$(inherited)",
					"@executable_path/Frameworks",
				);
				PRODUCT_BUNDLE_IDENTIFIER = com.milocroton.contacts;
				PRODUCT_NAME = "$(TARGET_NAME)";
				SWIFT_VERSION = 4.0;
				TARGETED_DEVICE_FAMILY = "1,2";
			};
			name = Release;
		};
/* End XCBuildConfiguration section */

/* Begin XCConfigurationList section */
		0F9D43DC20B3C83E0006A339 /* Build configuration list for PBXProject "contacts" */ = {
			isa = XCConfigurationList;
			buildConfigurations = (
				0F9D43F620B3C83F0006A339 /* Debug */,
				0F9D43F720B3C83F0006A339 /* Release */,
			);
			defaultConfigurationIsVisible = 0;
			defaultConfigurationName = Release;
		};
		0F9D43F820B3C83F0006A339 /* Build configuration list for PBXNativeTarget "contacts" */ = {
			isa = XCConfigurationList;
			buildConfigurations = (
				0F9D43F920B3C83F0006A339 /* Debug */,
				0F9D43FA20B3C83F0006A339 /* Release */,
			);
			defaultConfigurationIsVisible = 0;
			defaultConfigurationName = Release;
		};
/* End XCConfigurationList section */
	};
	rootObject = 0F9D43D920B3C83E0006A339 /* Project object */;
}
